
Microsoft Visual Studio Solution File, Format Version 12.00
# Visual Studio 15
VisualStudioVersion = 15.0.27130.2036
MinimumVisualStudioVersion = 10.0.40219.1
Project("{9A19103F-16F7-4668-BE54-9A1E7A4F7556}") = "Watcher", "Watcher\Watcher.csproj", "{0BFCD4F7-6322-44C9-9432-B3BC20CC3FE8}"
EndProject
Global
	GlobalSection(SolutionConfigurationPlatforms) = preSolution
		Debug|Any CPU = Debug|Any CPU
		Release|Any CPU = Release|Any CPU
	EndGlobalSection
	GlobalSection(ProjectConfigurationPlatforms) = postSolution
		{0BFCD4F7-6322-44C9-9432-B3BC20CC3FE8}.Debug|Any CPU.ActiveCfg = Debug|Any CPU
		{0BFCD4F7-6322-44C9-9432-B3BC20CC3FE8}.Debug|Any CPU.Build.0 = Debug|Any CPU
		{0BFCD4F7-6322-44C9-9432-B3BC20CC3FE8}.Release|Any CPU.ActiveCfg = Release|Any CPU
		{0BFCD4F7-6322-44C9-9432-B3BC20CC3FE8}.Release|Any CPU.Build.0 = Release|Any CPU
	EndGlobalSection
	GlobalSection(SolutionProperties) = preSolution
		HideSolutionNode = FALSE
	EndGlobalSection
	GlobalSection(ExtensibilityGlobals) = postSolution
		SolutionGuid = {3ED7F194-01D4-4C9B-9280-89EAB0DE5F86}
	EndGlobalSection
EndGlobal
